
Microsoft Visual Studio Solution File, Format Version 12.00
# Visual Studio Version 16
VisualStudioVersion = 16.0.29326.143
MinimumVisualStudioVersion = 10.0.40219.1
Project("{9A19103F-16F7-4668-BE54-9A1E7A4F7556}") = "Laba1", "Laba1\Laba1.csproj", "{D412E7FD-3F02-4F0A-8507-F152EE8BB79E}"
EndProject
Project("{9A19103F-16F7-4668-BE54-9A1E7A4F7556}") = "Laba 2", "Laba 2\Laba 2.csproj", "{2E8DE19E-9A0D-4D82-9CBF-9427F3F4632A}"
EndProject
Project("{9A19103F-16F7-4668-BE54-9A1E7A4F7556}") = "Laba 3", "Laba 3\Laba 3.csproj", "{9580A764-FAB9-4F5B-8DB4-81C7E7364EDD}"
EndProject
Project("{FAE04EC0-301F-11D3-BF4B-00C04F79EFBC}") = "Laba4", "Laba4\Laba4.csproj", "{B3B04AC6-D475-45C2-87A4-564DC10BB9F5}"
EndProject
Project("{FAE04EC0-301F-11D3-BF4B-00C04F79EFBC}") = "Laba 5", "Laba 6\Laba 5.csproj", "{21C2D57A-E118-4DF3-BED7-63BBECAB9490}"
EndProject
Project("{FAE04EC0-301F-11D3-BF4B-00C04F79EFBC}") = "Laba 6_1", "Laba 6_1\Laba 6_1.csproj", "{AC66798F-ED58-4A46-8192-FE20C8BC2FBD}"
EndProject
Project("{FAE04EC0-301F-11D3-BF4B-00C04F79EFBC}") = "Laba 6_2", "TestClass\Laba 6_2.csproj", "{5B6B72D1-900F-4A22-8E41-829A9A01C7C7}"
EndProject
Global
	GlobalSection(SolutionConfigurationPlatforms) = preSolution
		Debug|Any CPU = Debug|Any CPU
		Release|Any CPU = Release|Any CPU
	EndGlobalSection
	GlobalSection(ProjectConfigurationPlatforms) = postSolution
		{D412E7FD-3F02-4F0A-8507-F152EE8BB79E}.Debug|Any CPU.ActiveCfg = Debug|Any CPU
		{D412E7FD-3F02-4F0A-8507-F152EE8BB79E}.Debug|Any CPU.Build.0 = Debug|Any CPU
		{D412E7FD-3F02-4F0A-8507-F152EE8BB79E}.Release|Any CPU.ActiveCfg = Release|Any CPU
		{D412E7FD-3F02-4F0A-8507-F152EE8BB79E}.Release|Any CPU.Build.0 = Release|Any CPU
		{2E8DE19E-9A0D-4D82-9CBF-9427F3F4632A}.Debug|Any CPU.ActiveCfg = Debug|Any CPU
		{2E8DE19E-9A0D-4D82-9CBF-9427F3F4632A}.Debug|Any CPU.Build.0 = Debug|Any CPU
		{2E8DE19E-9A0D-4D82-9CBF-9427F3F4632A}.Release|Any CPU.ActiveCfg = Release|Any CPU
		{2E8DE19E-9A0D-4D82-9CBF-9427F3F4632A}.Release|Any CPU.Build.0 = Release|Any CPU
		{9580A764-FAB9-4F5B-8DB4-81C7E7364EDD}.Debug|Any CPU.ActiveCfg = Debug|Any CPU
		{9580A764-FAB9-4F5B-8DB4-81C7E7364EDD}.Debug|Any CPU.Build.0 = Debug|Any CPU
		{9580A764-FAB9-4F5B-8DB4-81C7E7364EDD}.Release|Any CPU.ActiveCfg = Release|Any CPU
		{9580A764-FAB9-4F5B-8DB4-81C7E7364EDD}.Release|Any CPU.Build.0 = Release|Any CPU
		{B3B04AC6-D475-45C2-87A4-564DC10BB9F5}.Debug|Any CPU.ActiveCfg = Debug|Any CPU
		{B3B04AC6-D475-45C2-87A4-564DC10BB9F5}.Debug|Any CPU.Build.0 = Debug|Any CPU
		{B3B04AC6-D475-45C2-87A4-564DC10BB9F5}.Release|Any CPU.ActiveCfg = Release|Any CPU
		{B3B04AC6-D475-45C2-87A4-564DC10BB9F5}.Release|Any CPU.Build.0 = Release|Any CPU
		{21C2D57A-E118-4DF3-BED7-63BBECAB9490}.Debug|Any CPU.ActiveCfg = Debug|Any CPU
		{21C2D57A-E118-4DF3-BED7-63BBECAB9490}.Debug|Any CPU.Build.0 = Debug|Any CPU
		{21C2D57A-E118-4DF3-BED7-63BBECAB9490}.Release|Any CPU.ActiveCfg = Release|Any CPU
		{21C2D57A-E118-4DF3-BED7-63BBECAB9490}.Release|Any CPU.Build.0 = Release|Any CPU
		{AC66798F-ED58-4A46-8192-FE20C8BC2FBD}.Debug|Any CPU.ActiveCfg = Debug|Any CPU
		{AC66798F-ED58-4A46-8192-FE20C8BC2FBD}.Debug|Any CPU.Build.0 = Debug|Any CPU
		{AC66798F-ED58-4A46-8192-FE20C8BC2FBD}.Release|Any CPU.ActiveCfg = Release|Any CPU
		{AC66798F-ED58-4A46-8192-FE20C8BC2FBD}.Release|Any CPU.Build.0 = Release|Any CPU
		{5B6B72D1-900F-4A22-8E41-829A9A01C7C7}.Debug|Any CPU.ActiveCfg = Debug|Any CPU
		{5B6B72D1-900F-4A22-8E41-829A9A01C7C7}.Debug|Any CPU.Build.0 = Debug|Any CPU
		{5B6B72D1-900F-4A22-8E41-829A9A01C7C7}.Release|Any CPU.ActiveCfg = Release|Any CPU
		{5B6B72D1-900F-4A22-8E41-829A9A01C7C7}.Release|Any CPU.Build.0 = Release|Any CPU
	EndGlobalSection
	GlobalSection(SolutionProperties) = preSolution
		HideSolutionNode = FALSE
	EndGlobalSection
	GlobalSection(ExtensibilityGlobals) = postSolution
		SolutionGuid = {704ABE12-3F3E-4C6A-A5E1-0F49B788D60A}
	EndGlobalSection
EndGlobal
